
Microsoft Visual Studio Solution File, Format Version 12.00
# Visual Studio 15
VisualStudioVersion = 15.0.26403.7
MinimumVisualStudioVersion = 10.0.40219.1
Project("{FAE04EC0-301F-11D3-BF4B-00C04F79EFBC}") = "IssueTracker.Web", "IssueTracker.Web\IssueTracker.Web.csproj", "{01E6E90D-9610-49E1-BF7D-1C86D926B9D7}"
EndProject
Project("{FAE04EC0-301F-11D3-BF4B-00C04F79EFBC}") = "IssueTracker.Model", "IssueTracker.Model\IssueTracker.Model.csproj", "{E7BAD3C9-7CFD-4B16-B6DC-9AE3E5E313F7}"
EndProject
Project("{FAE04EC0-301F-11D3-BF4B-00C04F79EFBC}") = "IssueTracker.Core", "IssueTracker.Core\IssueTracker.Core.csproj", "{477508C5-20BC-4AA8-902D-2D85FFBA707F}"
EndProject
Project("{FAE04EC0-301F-11D3-BF4B-00C04F79EFBC}") = "IssueTracker.Service", "IssueTracker.Service\IssueTracker.Service.csproj", "{5CF2BB8A-CD9C-4BF6-A767-A8383A73BB9C}"
EndProject
Global
	GlobalSection(SolutionConfigurationPlatforms) = preSolution
		Debug|Any CPU = Debug|Any CPU
		Release|Any CPU = Release|Any CPU
	EndGlobalSection
	GlobalSection(ProjectConfigurationPlatforms) = postSolution
		{01E6E90D-9610-49E1-BF7D-1C86D926B9D7}.Debug|Any CPU.ActiveCfg = Debug|Any CPU
		{01E6E90D-9610-49E1-BF7D-1C86D926B9D7}.Debug|Any CPU.Build.0 = Debug|Any CPU
		{01E6E90D-9610-49E1-BF7D-1C86D926B9D7}.Release|Any CPU.ActiveCfg = Release|Any CPU
		{01E6E90D-9610-49E1-BF7D-1C86D926B9D7}.Release|Any CPU.Build.0 = Release|Any CPU
		{E7BAD3C9-7CFD-4B16-B6DC-9AE3E5E313F7}.Debug|Any CPU.ActiveCfg = Debug|Any CPU
		{E7BAD3C9-7CFD-4B16-B6DC-9AE3E5E313F7}.Debug|Any CPU.Build.0 = Debug|Any CPU
		{E7BAD3C9-7CFD-4B16-B6DC-9AE3E5E313F7}.Release|Any CPU.ActiveCfg = Release|Any CPU
		{E7BAD3C9-7CFD-4B16-B6DC-9AE3E5E313F7}.Release|Any CPU.Build.0 = Release|Any CPU
		{477508C5-20BC-4AA8-902D-2D85FFBA707F}.Debug|Any CPU.ActiveCfg = Debug|Any CPU
		{477508C5-20BC-4AA8-902D-2D85FFBA707F}.Debug|Any CPU.Build.0 = Debug|Any CPU
		{477508C5-20BC-4AA8-902D-2D85FFBA707F}.Release|Any CPU.ActiveCfg = Release|Any CPU
		{477508C5-20BC-4AA8-902D-2D85FFBA707F}.Release|Any CPU.Build.0 = Release|Any CPU
		{5CF2BB8A-CD9C-4BF6-A767-A8383A73BB9C}.Debug|Any CPU.ActiveCfg = Debug|Any CPU
		{5CF2BB8A-CD9C-4BF6-A767-A8383A73BB9C}.Debug|Any CPU.Build.0 = Debug|Any CPU
		{5CF2BB8A-CD9C-4BF6-A767-A8383A73BB9C}.Release|Any CPU.ActiveCfg = Release|Any CPU
		{5CF2BB8A-CD9C-4BF6-A767-A8383A73BB9C}.Release|Any CPU.Build.0 = Release|Any CPU
	EndGlobalSection
	GlobalSection(SolutionProperties) = preSolution
		HideSolutionNode = FALSE
	EndGlobalSection
EndGlobal
